
Microsoft Visual Studio Solution File, Format Version 12.00
Project("{FAE04EC0-301F-11D3-BF4B-00C04F79EFBC}") = "DevQuestions", "DevQuestions\DevQuestions.csproj", "{05CFA22E-5D6D-45FF-A945-D5E79BAEA213}"
EndProject
Global
	GlobalSection(SolutionConfigurationPlatforms) = preSolution
		Debug|Any CPU = Debug|Any CPU
		Release|Any CPU = Release|Any CPU
	EndGlobalSection
	GlobalSection(ProjectConfigurationPlatforms) = postSolution
		{05CFA22E-5D6D-45FF-A945-D5E79BAEA213}.Debug|Any CPU.ActiveCfg = Debug|Any CPU
		{05CFA22E-5D6D-45FF-A945-D5E79BAEA213}.Debug|Any CPU.Build.0 = Debug|Any CPU
		{05CFA22E-5D6D-45FF-A945-D5E79BAEA213}.Release|Any CPU.ActiveCfg = Release|Any CPU
		{05CFA22E-5D6D-45FF-A945-D5E79BAEA213}.Release|Any CPU.Build.0 = Release|Any CPU
	EndGlobalSection
EndGlobal
