
Microsoft Visual Studio Solution File, Format Version 12.00
Project("{FAE04EC0-301F-11D3-BF4B-00C04F79EFBC}") = "DevQuestions.Entities", "src\DevQuestions.Entities\DevQuestions.Entities.csproj", "{DB0B71B5-4F48-4C6B-B263-B1D188311EF5}"
EndProject
Project("{2150E333-8FDC-42A3-9474-1A3956D46DE8}") = "src", "src", "{B8747839-4688-4DF4-A7D9-0A1E97EE1DD0}"
EndProject
Global
	GlobalSection(SolutionConfigurationPlatforms) = preSolution
		Debug|Any CPU = Debug|Any CPU
		Release|Any CPU = Release|Any CPU
	EndGlobalSection
	GlobalSection(ProjectConfigurationPlatforms) = postSolution
		{DB0B71B5-4F48-4C6B-B263-B1D188311EF5}.Debug|Any CPU.ActiveCfg = Debug|Any CPU
		{DB0B71B5-4F48-4C6B-B263-B1D188311EF5}.Debug|Any CPU.Build.0 = Debug|Any CPU
		{DB0B71B5-4F48-4C6B-B263-B1D188311EF5}.Release|Any CPU.ActiveCfg = Release|Any CPU
		{DB0B71B5-4F48-4C6B-B263-B1D188311EF5}.Release|Any CPU.Build.0 = Release|Any CPU
	EndGlobalSection
	GlobalSection(NestedProjects) = preSolution
		{DB0B71B5-4F48-4C6B-B263-B1D188311EF5} = {B8747839-4688-4DF4-A7D9-0A1E97EE1DD0}
	EndGlobalSection
EndGlobal
